
Microsoft Visual Studio Solution File, Format Version 12.00
# Visual Studio Version 17
VisualStudioVersion = 17.8.34511.84
MinimumVisualStudioVersion = 10.0.40219.1
Project("{FAE04EC0-301F-11D3-BF4B-00C04F79EFBC}") = "ManageCategoriesApp", "ManageCategoriesApp.csproj", "{EC091208-5D30-4C46-B6C6-71D144E1FF0E}"
EndProject
Global
	GlobalSection(SolutionConfigurationPlatforms) = preSolution
		Debug|Any CPU = Debug|Any CPU
		Release|Any CPU = Release|Any CPU
	EndGlobalSection
	GlobalSection(ProjectConfigurationPlatforms) = postSolution
		{EC091208-5D30-4C46-B6C6-71D144E1FF0E}.Debug|Any CPU.ActiveCfg = Debug|Any CPU
		{EC091208-5D30-4C46-B6C6-71D144E1FF0E}.Debug|Any CPU.Build.0 = Debug|Any CPU
		{EC091208-5D30-4C46-B6C6-71D144E1FF0E}.Release|Any CPU.ActiveCfg = Release|Any CPU
		{EC091208-5D30-4C46-B6C6-71D144E1FF0E}.Release|Any CPU.Build.0 = Release|Any CPU
	EndGlobalSection
	GlobalSection(SolutionProperties) = preSolution
		HideSolutionNode = FALSE
	EndGlobalSection
	GlobalSection(ExtensibilityGlobals) = postSolution
		SolutionGuid = {2E9AE3B3-963F-493D-812B-306E0995D25F}
	EndGlobalSection
EndGlobal
