
Microsoft Visual Studio Solution File, Format Version 12.00
# Visual Studio Version 17
VisualStudioVersion = 17.8.34511.84
MinimumVisualStudioVersion = 10.0.40219.1
Project("{FAE04EC0-301F-11D3-BF4B-00C04F79EFBC}") = "String_Interpolation", "String_Interpolation.csproj", "{6748B362-95AA-4FF0-819B-59E45823D87B}"
EndProject
Global
	GlobalSection(SolutionConfigurationPlatforms) = preSolution
		Debug|Any CPU = Debug|Any CPU
		Release|Any CPU = Release|Any CPU
	EndGlobalSection
	GlobalSection(ProjectConfigurationPlatforms) = postSolution
		{6748B362-95AA-4FF0-819B-59E45823D87B}.Debug|Any CPU.ActiveCfg = Debug|Any CPU
		{6748B362-95AA-4FF0-819B-59E45823D87B}.Debug|Any CPU.Build.0 = Debug|Any CPU
		{6748B362-95AA-4FF0-819B-59E45823D87B}.Release|Any CPU.ActiveCfg = Release|Any CPU
		{6748B362-95AA-4FF0-819B-59E45823D87B}.Release|Any CPU.Build.0 = Release|Any CPU
	EndGlobalSection
	GlobalSection(SolutionProperties) = preSolution
		HideSolutionNode = FALSE
	EndGlobalSection
	GlobalSection(ExtensibilityGlobals) = postSolution
		SolutionGuid = {3843056E-2192-41B6-966E-0D973323F467}
	EndGlobalSection
EndGlobal
