
Microsoft Visual Studio Solution File, Format Version 12.00
# Visual Studio Version 17
VisualStudioVersion = 17.8.34511.84
MinimumVisualStudioVersion = 10.0.40219.1
Project("{FAE04EC0-301F-11D3-BF4B-00C04F79EFBC}") = "Console_Class", "Console_Class.csproj", "{D20654BE-97F3-4119-8EC3-1B5EAE3CF712}"
EndProject
Global
	GlobalSection(SolutionConfigurationPlatforms) = preSolution
		Debug|Any CPU = Debug|Any CPU
		Release|Any CPU = Release|Any CPU
	EndGlobalSection
	GlobalSection(ProjectConfigurationPlatforms) = postSolution
		{D20654BE-97F3-4119-8EC3-1B5EAE3CF712}.Debug|Any CPU.ActiveCfg = Debug|Any CPU
		{D20654BE-97F3-4119-8EC3-1B5EAE3CF712}.Debug|Any CPU.Build.0 = Debug|Any CPU
		{D20654BE-97F3-4119-8EC3-1B5EAE3CF712}.Release|Any CPU.ActiveCfg = Release|Any CPU
		{D20654BE-97F3-4119-8EC3-1B5EAE3CF712}.Release|Any CPU.Build.0 = Release|Any CPU
	EndGlobalSection
	GlobalSection(SolutionProperties) = preSolution
		HideSolutionNode = FALSE
	EndGlobalSection
	GlobalSection(ExtensibilityGlobals) = postSolution
		SolutionGuid = {FD0E263F-61E2-492D-BD6A-7B4C5744B10C}
	EndGlobalSection
EndGlobal
