
Microsoft Visual Studio Solution File, Format Version 12.00
# Visual Studio Version 17
VisualStudioVersion = 17.8.34511.84
MinimumVisualStudioVersion = 10.0.40219.1
Project("{FAE04EC0-301F-11D3-BF4B-00C04F79EFBC}") = "Boxing", "Boxing.csproj", "{FB725E86-685E-4E82-B2A4-0BF782BED718}"
EndProject
Global
	GlobalSection(SolutionConfigurationPlatforms) = preSolution
		Debug|Any CPU = Debug|Any CPU
		Release|Any CPU = Release|Any CPU
	EndGlobalSection
	GlobalSection(ProjectConfigurationPlatforms) = postSolution
		{FB725E86-685E-4E82-B2A4-0BF782BED718}.Debug|Any CPU.ActiveCfg = Debug|Any CPU
		{FB725E86-685E-4E82-B2A4-0BF782BED718}.Debug|Any CPU.Build.0 = Debug|Any CPU
		{FB725E86-685E-4E82-B2A4-0BF782BED718}.Release|Any CPU.ActiveCfg = Release|Any CPU
		{FB725E86-685E-4E82-B2A4-0BF782BED718}.Release|Any CPU.Build.0 = Release|Any CPU
	EndGlobalSection
	GlobalSection(SolutionProperties) = preSolution
		HideSolutionNode = FALSE
	EndGlobalSection
	GlobalSection(ExtensibilityGlobals) = postSolution
		SolutionGuid = {01E22FAF-C455-4E6F-9271-BBF60B2BF795}
	EndGlobalSection
EndGlobal
