
Microsoft Visual Studio Solution File, Format Version 12.00
# Visual Studio Version 17
VisualStudioVersion = 17.8.34511.84
MinimumVisualStudioVersion = 10.0.40219.1
Project("{FAE04EC0-301F-11D3-BF4B-00C04F79EFBC}") = "Unboxing", "Unboxing.csproj", "{0EA20343-6A11-4637-9848-638706A7AC8E}"
EndProject
Global
	GlobalSection(SolutionConfigurationPlatforms) = preSolution
		Debug|Any CPU = Debug|Any CPU
		Release|Any CPU = Release|Any CPU
	EndGlobalSection
	GlobalSection(ProjectConfigurationPlatforms) = postSolution
		{0EA20343-6A11-4637-9848-638706A7AC8E}.Debug|Any CPU.ActiveCfg = Debug|Any CPU
		{0EA20343-6A11-4637-9848-638706A7AC8E}.Debug|Any CPU.Build.0 = Debug|Any CPU
		{0EA20343-6A11-4637-9848-638706A7AC8E}.Release|Any CPU.ActiveCfg = Release|Any CPU
		{0EA20343-6A11-4637-9848-638706A7AC8E}.Release|Any CPU.Build.0 = Release|Any CPU
	EndGlobalSection
	GlobalSection(SolutionProperties) = preSolution
		HideSolutionNode = FALSE
	EndGlobalSection
	GlobalSection(ExtensibilityGlobals) = postSolution
		SolutionGuid = {31E0EEF4-74FE-43EC-A20F-28F03FD5E773}
	EndGlobalSection
EndGlobal
